// !$*UTF8*$!
{
	archiveVersion = 1;
	classes = {
	};
	objectVersion = 46;
	objects = {

/* Begin PBXBuildFile section */
		48110572201F4BBB004D2040 /* MenuBar.m in Sources */ = {isa = PBXBuildFile; fileRef = 48110571201F4BBB004D2040 /* MenuBar.m */; };
		48110575201F4EE9004D2040 /* SubmitButton.m in Sources */ = {isa = PBXBuildFile; fileRef = 48110574201F4EE9004D2040 /* SubmitButton.m */; };
		4811057C201F51B1004D2040 /* PopUpWindow.m in Sources */ = {isa = PBXBuildFile; fileRef = 4811057B201F51B1004D2040 /* PopUpWindow.m */; };
		4811057F201F54CD004D2040 /* DesktopNotification.m in Sources */ = {isa = PBXBuildFile; fileRef = 4811057E201F54CD004D2040 /* DesktopNotification.m */; };
		481893C51E4E73EF007227EA /* AppDelegate.m in Sources */ = {isa = PBXBuildFile; fileRef = 481893C41E4E73EF007227EA /* AppDelegate.m */; };
		481893C81E4E73EF007227EA /* main.m in Sources */ = {isa = PBXBuildFile; fileRef = 481893C71E4E73EF007227EA /* main.m */; };
		481894051E4E786D007227EA /* alert.png in Resources */ = {isa = PBXBuildFile; fileRef = 481893FB1E4E786D007227EA /* alert.png */; };
		481894061E4E786D007227EA /* download.png in Resources */ = {isa = PBXBuildFile; fileRef = 481893FC1E4E786D007227EA /* download.png */; };
		481894071E4E786D007227EA /* icon.png in Resources */ = {isa = PBXBuildFile; fileRef = 481893FD1E4E786D007227EA /* icon.png */; };
		4818940B1E4E786D007227EA /* send.png in Resources */ = {isa = PBXBuildFile; fileRef = 481894011E4E786D007227EA /* send.png */; };
		4818940D1E4E786D007227EA /* up.png in Resources */ = {isa = PBXBuildFile; fileRef = 481894031E4E786D007227EA /* up.png */; };
		4818940E1E4E786D007227EA /* upload.png in Resources */ = {isa = PBXBuildFile; fileRef = 481894041E4E786D007227EA /* upload.png */; };
		485574711E89675400CB7DFA /* drag.png in Resources */ = {isa = PBXBuildFile; fileRef = 485574701E89675400CB7DFA /* drag.png */; };
		48729CD620294E1700206428 /* FileCrypter.m in Sources */ = {isa = PBXBuildFile; fileRef = 48729CD520294E1700206428 /* FileCrypter.m */; };
		4874367B201D51B70030B1EF /* RSAClass.m in Sources */ = {isa = PBXBuildFile; fileRef = 4874367A201D51B70030B1EF /* RSAClass.m */; };
		48743681201D55E40030B1EF /* Keys.m in Sources */ = {isa = PBXBuildFile; fileRef = 4874367F201D55E40030B1EF /* Keys.m */; };
		487F8CE420686792004CD8CF /* Montserrat-SemiBold.ttf in Resources */ = {isa = PBXBuildFile; fileRef = 487F8CE320686791004CD8CF /* Montserrat-SemiBold.ttf */; };
		48AF4B61202DF37B004DE865 /* file.png in Resources */ = {isa = PBXBuildFile; fileRef = 48AF4B60202DF37B004DE865 /* file.png */; };
		48AF4B64202DF8DF004DE865 /* Button.m in Sources */ = {isa = PBXBuildFile; fileRef = 48AF4B63202DF8DF004DE865 /* Button.m */; };
		48BBDE08218F560D00014B84 /* Montserrat-Bold.ttf in Resources */ = {isa = PBXBuildFile; fileRef = 48BBDE07218F560D00014B84 /* Montserrat-Bold.ttf */; };
		48BBDE0A218F5B4D00014B84 /* icon_inv.png in Resources */ = {isa = PBXBuildFile; fileRef = 48BBDE09218F5B4C00014B84 /* icon_inv.png */; };
		48C38BBA210DFDBA001A306C /* Credits.html in Resources */ = {isa = PBXBuildFile; fileRef = 48C38BB9210DFDB9001A306C /* Credits.html */; };
		D624441A2043015100D23F11 /* Assets.xcassets in Resources */ = {isa = PBXBuildFile; fileRef = D62444192043015100D23F11 /* Assets.xcassets */; };
		D62FFFCF2033306600954FA4 /* User.m in Sources */ = {isa = PBXBuildFile; fileRef = D62FFFCE2033306600954FA4 /* User.m */; };
		D63DC42D1F73E84B0046278C /* libPods-Transfer Me It.a in Frameworks */ = {isa = PBXBuildFile; fileRef = D63DC42E1F73E84B0046278C /* libPods-Transfer Me It.a */; };
		D69CEEAA2022818000CD3719 /* Download.m in Sources */ = {isa = PBXBuildFile; fileRef = D69CEEA92022818000CD3719 /* Download.m */; };
		D6A84E2E203A47D300EA0F47 /* Montserrat-Regular.ttf in Resources */ = {isa = PBXBuildFile; fileRef = D6A84E2D203A47C900EA0F47 /* Montserrat-Regular.ttf */; };
		D6A84E30203A481F00EA0F47 /* Montserrat-Medium.ttf in Resources */ = {isa = PBXBuildFile; fileRef = D6A84E2F203A480B00EA0F47 /* Montserrat-Medium.ttf */; };
		D6B6242B20692573002252EC /* exit.png in Resources */ = {isa = PBXBuildFile; fileRef = D6B6242A20692573002252EC /* exit.png */; };
		D6BD9FA72021E6AE0099E7DE /* CustomVars.m in Sources */ = {isa = PBXBuildFile; fileRef = D6BD9FA52021E6AE0099E7DE /* CustomVars.m */; };
		D6BD9FAA2021FD090099E7DE /* Upload.m in Sources */ = {isa = PBXBuildFile; fileRef = D6BD9FA92021FD090099E7DE /* Upload.m */; };
		D6F63858201E0A9600EA9866 /* Socket.m in Sources */ = {isa = PBXBuildFile; fileRef = D6F63857201E0A9600EA9866 /* Socket.m */; };
		D6F6385B201E0AB900EA9866 /* CustomFunctions.m in Sources */ = {isa = PBXBuildFile; fileRef = D6F6385A201E0AB900EA9866 /* CustomFunctions.m */; };
		D6FE1D9A2036039700C74518 /* LOOCryptString.m in Sources */ = {isa = PBXBuildFile; fileRef = D6FE1D992036039700C74518 /* LOOCryptString.m */; };
/* End PBXBuildFile section */

/* Begin PBXFileReference section */
		48110570201F4BBB004D2040 /* MenuBar.h */ = {isa = PBXFileReference; lastKnownFileType = sourcecode.c.h; path = MenuBar.h; sourceTree = "<group>"; };
		48110571201F4BBB004D2040 /* MenuBar.m */ = {isa = PBXFileReference; lastKnownFileType = sourcecode.c.objc; path = MenuBar.m; sourceTree = "<group>"; };
		48110573201F4EE9004D2040 /* SubmitButton.h */ = {isa = PBXFileReference; lastKnownFileType = sourcecode.c.h; path = SubmitButton.h; sourceTree = "<group>"; };
		48110574201F4EE9004D2040 /* SubmitButton.m */ = {isa = PBXFileReference; lastKnownFileType = sourcecode.c.objc; path = SubmitButton.m; sourceTree = "<group>"; };
		4811057A201F51B1004D2040 /* PopUpWindow.h */ = {isa = PBXFileReference; lastKnownFileType = sourcecode.c.h; path = PopUpWindow.h; sourceTree = "<group>"; };
		4811057B201F51B1004D2040 /* PopUpWindow.m */ = {isa = PBXFileReference; lastKnownFileType = sourcecode.c.objc; path = PopUpWindow.m; sourceTree = "<group>"; };
		4811057D201F54CD004D2040 /* DesktopNotification.h */ = {isa = PBXFileReference; lastKnownFileType = sourcecode.c.h; path = DesktopNotification.h; sourceTree = "<group>"; };
		4811057E201F54CD004D2040 /* DesktopNotification.m */ = {isa = PBXFileReference; lastKnownFileType = sourcecode.c.objc; path = DesktopNotification.m; sourceTree = "<group>"; };
		481893C01E4E73EF007227EA /* Transfer Me It.app */ = {isa = PBXFileReference; explicitFileType = wrapper.application; includeInIndex = 0; path = "Transfer Me It.app"; sourceTree = BUILT_PRODUCTS_DIR; };
		481893C31E4E73EF007227EA /* AppDelegate.h */ = {isa = PBXFileReference; lastKnownFileType = sourcecode.c.h; path = AppDelegate.h; sourceTree = "<group>"; };
		481893C41E4E73EF007227EA /* AppDelegate.m */ = {isa = PBXFileReference; lastKnownFileType = sourcecode.c.objc; path = AppDelegate.m; sourceTree = "<group>"; };
		481893C71E4E73EF007227EA /* main.m */ = {isa = PBXFileReference; lastKnownFileType = sourcecode.c.objc; path = main.m; sourceTree = "<group>"; };
		481893CE1E4E73EF007227EA /* Info.plist */ = {isa = PBXFileReference; lastKnownFileType = text.plist.xml; path = Info.plist; sourceTree = "<group>"; };
		481893FB1E4E786D007227EA /* alert.png */ = {isa = PBXFileReference; lastKnownFileType = image.png; path = alert.png; sourceTree = "<group>"; };
		481893FC1E4E786D007227EA /* download.png */ = {isa = PBXFileReference; lastKnownFileType = image.png; path = download.png; sourceTree = "<group>"; };
		481893FD1E4E786D007227EA /* icon.png */ = {isa = PBXFileReference; lastKnownFileType = image.png; path = icon.png; sourceTree = "<group>"; };
		481894011E4E786D007227EA /* send.png */ = {isa = PBXFileReference; lastKnownFileType = image.png; path = send.png; sourceTree = "<group>"; };
		481894031E4E786D007227EA /* up.png */ = {isa = PBXFileReference; lastKnownFileType = image.png; path = up.png; sourceTree = "<group>"; };
		481894041E4E786D007227EA /* upload.png */ = {isa = PBXFileReference; lastKnownFileType = image.png; path = upload.png; sourceTree = "<group>"; };
		485574701E89675400CB7DFA /* drag.png */ = {isa = PBXFileReference; lastKnownFileType = image.png; path = drag.png; sourceTree = "<group>"; };
		48729CD420294E1700206428 /* FileCrypter.h */ = {isa = PBXFileReference; lastKnownFileType = sourcecode.c.h; path = FileCrypter.h; sourceTree = "<group>"; };
		48729CD520294E1700206428 /* FileCrypter.m */ = {isa = PBXFileReference; lastKnownFileType = sourcecode.c.objc; path = FileCrypter.m; sourceTree = "<group>"; };
		48743679201D51B70030B1EF /* RSAClass.h */ = {isa = PBXFileReference; lastKnownFileType = sourcecode.c.h; path = RSAClass.h; sourceTree = "<group>"; };
		4874367A201D51B70030B1EF /* RSAClass.m */ = {isa = PBXFileReference; lastKnownFileType = sourcecode.c.objc; path = RSAClass.m; sourceTree = "<group>"; };
		4874367F201D55E40030B1EF /* Keys.m */ = {isa = PBXFileReference; fileEncoding = 4; lastKnownFileType = sourcecode.c.objc; path = Keys.m; sourceTree = "<group>"; };
		48743680201D55E40030B1EF /* Keys.h */ = {isa = PBXFileReference; fileEncoding = 4; lastKnownFileType = sourcecode.c.h; path = Keys.h; sourceTree = "<group>"; };
		487F8CE320686791004CD8CF /* Montserrat-SemiBold.ttf */ = {isa = PBXFileReference; lastKnownFileType = file; path = "Montserrat-SemiBold.ttf"; sourceTree = "<group>"; };
		48AF4B60202DF37B004DE865 /* file.png */ = {isa = PBXFileReference; lastKnownFileType = image.png; path = file.png; sourceTree = "<group>"; };
		48AF4B62202DF8DF004DE865 /* Button.h */ = {isa = PBXFileReference; lastKnownFileType = sourcecode.c.h; path = Button.h; sourceTree = "<group>"; };
		48AF4B63202DF8DF004DE865 /* Button.m */ = {isa = PBXFileReference; lastKnownFileType = sourcecode.c.objc; path = Button.m; sourceTree = "<group>"; };
		48BBDE07218F560D00014B84 /* Montserrat-Bold.ttf */ = {isa = PBXFileReference; lastKnownFileType = file; path = "Montserrat-Bold.ttf"; sourceTree = "<group>"; };
		48BBDE09218F5B4C00014B84 /* icon_inv.png */ = {isa = PBXFileReference; lastKnownFileType = image.png; path = icon_inv.png; sourceTree = "<group>"; };
		48C38BB9210DFDB9001A306C /* Credits.html */ = {isa = PBXFileReference; fileEncoding = 4; lastKnownFileType = text.html; path = Credits.html; sourceTree = "<group>"; };
		5155CE64DBB11A9BFBCD445D /* Pods-Transfer Me It.debug.xcconfig */ = {isa = PBXFileReference; includeInIndex = 1; lastKnownFileType = text.xcconfig; name = "Pods-Transfer Me It.debug.xcconfig"; path = "Pods/Target Support Files/Pods-Transfer Me It/Pods-Transfer Me It.debug.xcconfig"; sourceTree = "<group>"; };
		94ECA04043BBF2E7605FDAC8 /* Pods-Transfer Me It.release.xcconfig */ = {isa = PBXFileReference; includeInIndex = 1; lastKnownFileType = text.xcconfig; name = "Pods-Transfer Me It.release.xcconfig"; path = "Pods/Target Support Files/Pods-Transfer Me It/Pods-Transfer Me It.release.xcconfig"; sourceTree = "<group>"; };
		D62444192043015100D23F11 /* Assets.xcassets */ = {isa = PBXFileReference; lastKnownFileType = folder.assetcatalog; path = Assets.xcassets; sourceTree = "<group>"; };
		D62FFFCD2033306600954FA4 /* User.h */ = {isa = PBXFileReference; lastKnownFileType = sourcecode.c.h; path = User.h; sourceTree = "<group>"; };
		D62FFFCE2033306600954FA4 /* User.m */ = {isa = PBXFileReference; lastKnownFileType = sourcecode.c.objc; path = User.m; sourceTree = "<group>"; };
		D63DC42C1F73E8140046278C /* libPods-Transfer Me It.a */ = {isa = PBXFileReference; explicitFileType = archive.ar; path = "libPods-Transfer Me It.a"; sourceTree = BUILT_PRODUCTS_DIR; };
		D63DC42E1F73E84B0046278C /* libPods-Transfer Me It.a */ = {isa = PBXFileReference; explicitFileType = archive.ar; path = "libPods-Transfer Me It.a"; sourceTree = BUILT_PRODUCTS_DIR; };
		D69CEEA82022818000CD3719 /* Download.h */ = {isa = PBXFileReference; lastKnownFileType = sourcecode.c.h; path = Download.h; sourceTree = "<group>"; };
		D69CEEA92022818000CD3719 /* Download.m */ = {isa = PBXFileReference; lastKnownFileType = sourcecode.c.objc; path = Download.m; sourceTree = "<group>"; };
		D6A84E2D203A47C900EA0F47 /* Montserrat-Regular.ttf */ = {isa = PBXFileReference; lastKnownFileType = file; path = "Montserrat-Regular.ttf"; sourceTree = "<group>"; };
		D6A84E2F203A480B00EA0F47 /* Montserrat-Medium.ttf */ = {isa = PBXFileReference; lastKnownFileType = file; path = "Montserrat-Medium.ttf"; sourceTree = "<group>"; };
		D6B6242A20692573002252EC /* exit.png */ = {isa = PBXFileReference; lastKnownFileType = image.png; path = exit.png; sourceTree = "<group>"; };
		D6BD9FA52021E6AE0099E7DE /* CustomVars.m */ = {isa = PBXFileReference; fileEncoding = 4; lastKnownFileType = sourcecode.c.objc; path = CustomVars.m; sourceTree = "<group>"; };
		D6BD9FA62021E6AE0099E7DE /* CustomVars.h */ = {isa = PBXFileReference; fileEncoding = 4; lastKnownFileType = sourcecode.c.h; path = CustomVars.h; sourceTree = "<group>"; };
		D6BD9FA82021FD090099E7DE /* Upload.h */ = {isa = PBXFileReference; lastKnownFileType = sourcecode.c.h; path = Upload.h; sourceTree = "<group>"; };
		D6BD9FA92021FD090099E7DE /* Upload.m */ = {isa = PBXFileReference; lastKnownFileType = sourcecode.c.objc; path = Upload.m; sourceTree = "<group>"; };
		D6EBB9A01F7188D6002A2A1E /* libcorecrypto.tbd */ = {isa = PBXFileReference; lastKnownFileType = "sourcecode.text-based-dylib-definition"; name = libcorecrypto.tbd; path = usr/lib/system/libcorecrypto.tbd; sourceTree = SDKROOT; };
		D6EBB9A21F7188E0002A2A1E /* libCocoaLumberjack.a */ = {isa = PBXFileReference; lastKnownFileType = archive.ar; name = libCocoaLumberjack.a; path = Pods/../build/Debug/CocoaLumberjack/libCocoaLumberjack.a; sourceTree = "<group>"; };
		D6EBB9A31F7188E0002A2A1E /* libGZIP.a */ = {isa = PBXFileReference; lastKnownFileType = archive.ar; name = libGZIP.a; path = "../../../../../Users/hackintosh/Library/Developer/Xcode/DerivedData/Transfer_Me_It-gdirozlignxgsledbyytsnipbgam/Build/Products/Debug/GZIP/libGZIP.a"; sourceTree = "<group>"; };
		D6EBB9A41F7188E0002A2A1E /* libMIHCrypto.a */ = {isa = PBXFileReference; lastKnownFileType = archive.ar; name = libMIHCrypto.a; path = Pods/../build/Debug/MIHCrypto/libMIHCrypto.a; sourceTree = "<group>"; };
		D6EBB9A51F7188E0002A2A1E /* libRNCryptor-objc.a */ = {isa = PBXFileReference; lastKnownFileType = archive.ar; name = "libRNCryptor-objc.a"; path = "../../../../../Users/hackintosh/Library/Developer/Xcode/DerivedData/Transfer_Me_It-gdirozlignxgsledbyytsnipbgam/Build/Products/Debug/RNCryptor-objc/libRNCryptor-objc.a"; sourceTree = "<group>"; };
		D6EBB9A61F7188E0002A2A1E /* libSAMKeychain.a */ = {isa = PBXFileReference; lastKnownFileType = archive.ar; name = libSAMKeychain.a; path = "../../../../../Users/hackintosh/Library/Developer/Xcode/DerivedData/Transfer_Me_It-gdirozlignxgsledbyytsnipbgam/Build/Products/Debug/SAMKeychain/libSAMKeychain.a"; sourceTree = "<group>"; };
		D6EBB9A71F7188E0002A2A1E /* libSocketRocket.a */ = {isa = PBXFileReference; lastKnownFileType = archive.ar; name = libSocketRocket.a; path = "../../../../../Users/hackintosh/Library/Developer/Xcode/DerivedData/Transfer_Me_It-gdirozlignxgsledbyytsnipbgam/Build/Products/Debug/SocketRocket/libSocketRocket.a"; sourceTree = "<group>"; };
		D6EBB9A81F7188E0002A2A1E /* libSTHTTPRequest.a */ = {isa = PBXFileReference; lastKnownFileType = archive.ar; name = libSTHTTPRequest.a; path = "../../../../../Users/hackintosh/Library/Developer/Xcode/DerivedData/Transfer_Me_It-gdirozlignxgsledbyytsnipbgam/Build/Products/Debug/STHTTPRequest/libSTHTTPRequest.a"; sourceTree = "<group>"; };
		D6EBB9B01F7188F7002A2A1E /* libCocoaLumberjack.a */ = {isa = PBXFileReference; lastKnownFileType = archive.ar; name = libCocoaLumberjack.a; path = Pods/../build/Release/CocoaLumberjack/libCocoaLumberjack.a; sourceTree = "<group>"; };
		D6EBB9B11F7188F7002A2A1E /* libGZIP.a */ = {isa = PBXFileReference; lastKnownFileType = archive.ar; name = libGZIP.a; path = Pods/../build/Release/GZIP/libGZIP.a; sourceTree = "<group>"; };
		D6EBB9B21F7188F7002A2A1E /* libMIHCrypto.a */ = {isa = PBXFileReference; lastKnownFileType = archive.ar; name = libMIHCrypto.a; path = Pods/../build/Debug/MIHCrypto/libMIHCrypto.a; sourceTree = "<group>"; };
		D6EBB9B31F7188F7002A2A1E /* libRNCryptor-objc.a */ = {isa = PBXFileReference; lastKnownFileType = archive.ar; name = "libRNCryptor-objc.a"; path = "Pods/../build/Release/RNCryptor-objc/libRNCryptor-objc.a"; sourceTree = "<group>"; };
		D6EBB9B41F7188F7002A2A1E /* libSAMKeychain.a */ = {isa = PBXFileReference; lastKnownFileType = archive.ar; name = libSAMKeychain.a; path = Pods/../build/Release/SAMKeychain/libSAMKeychain.a; sourceTree = "<group>"; };
		D6EBB9B51F7188F7002A2A1E /* libSocketRocket.a */ = {isa = PBXFileReference; lastKnownFileType = archive.ar; name = libSocketRocket.a; path = Pods/../build/Release/SocketRocket/libSocketRocket.a; sourceTree = "<group>"; };
		D6EBB9B61F7188F7002A2A1E /* libSTHTTPRequest.a */ = {isa = PBXFileReference; lastKnownFileType = archive.ar; name = libSTHTTPRequest.a; path = Pods/../build/Release/STHTTPRequest/libSTHTTPRequest.a; sourceTree = "<group>"; };
		D6F63856201E0A9500EA9866 /* Socket.h */ = {isa = PBXFileReference; fileEncoding = 4; lastKnownFileType = sourcecode.c.h; path = Socket.h; sourceTree = "<group>"; };
		D6F63857201E0A9600EA9866 /* Socket.m */ = {isa = PBXFileReference; fileEncoding = 4; lastKnownFileType = sourcecode.c.objc; path = Socket.m; sourceTree = "<group>"; };
		D6F63859201E0AB900EA9866 /* CustomFunctions.h */ = {isa = PBXFileReference; fileEncoding = 4; lastKnownFileType = sourcecode.c.h; path = CustomFunctions.h; sourceTree = "<group>"; };
		D6F6385A201E0AB900EA9866 /* CustomFunctions.m */ = {isa = PBXFileReference; fileEncoding = 4; lastKnownFileType = sourcecode.c.objc; path = CustomFunctions.m; sourceTree = "<group>"; };
		D6FE1D982036039700C74518 /* LOOCryptString.h */ = {isa = PBXFileReference; fileEncoding = 4; lastKnownFileType = sourcecode.c.h; path = LOOCryptString.h; sourceTree = "<group>"; };
		D6FE1D992036039700C74518 /* LOOCryptString.m */ = {isa = PBXFileReference; fileEncoding = 4; lastKnownFileType = sourcecode.c.objc; path = LOOCryptString.m; sourceTree = "<group>"; };
		E0A9C7219966F7CB2C3C026D /* libPods-Transfer Me It.a */ = {isa = PBXFileReference; explicitFileType = archive.ar; includeInIndex = 0; path = "libPods-Transfer Me It.a"; sourceTree = BUILT_PRODUCTS_DIR; };
/* End PBXFileReference section */

/* Begin PBXFrameworksBuildPhase section */
		481893BD1E4E73EF007227EA /* Frameworks */ = {
			isa = PBXFrameworksBuildPhase;
			buildActionMask = 2147483647;
			files = (
				D63DC42D1F73E84B0046278C /* libPods-Transfer Me It.a in Frameworks */,
			);
			runOnlyForDeploymentPostprocessing = 0;
		};
/* End PBXFrameworksBuildPhase section */

/* Begin PBXGroup section */
		48110576201F5121004D2040 /* GUI */ = {
			isa = PBXGroup;
			children = (
				48AF4B62202DF8DF004DE865 /* Button.h */,
				48AF4B63202DF8DF004DE865 /* Button.m */,
				48110570201F4BBB004D2040 /* MenuBar.h */,
				48110571201F4BBB004D2040 /* MenuBar.m */,
				4811057A201F51B1004D2040 /* PopUpWindow.h */,
				4811057B201F51B1004D2040 /* PopUpWindow.m */,
				48110573201F4EE9004D2040 /* SubmitButton.h */,
				48110574201F4EE9004D2040 /* SubmitButton.m */,
			);
			path = GUI;
			sourceTree = "<group>";
		};
		481893B71E4E73EF007227EA = {
			isa = PBXGroup;
			children = (
				A2B12DD9E3E9B8B566AEB725 /* Frameworks */,
				D4FA7F17F0AD11C86F41A4C8 /* Pods */,
				481893C11E4E73EF007227EA /* Products */,
				481893C21E4E73EF007227EA /* Transfer Me It */,
			);
			sourceTree = "<group>";
		};
		481893C11E4E73EF007227EA /* Products */ = {
			isa = PBXGroup;
			children = (
				481893C01E4E73EF007227EA /* Transfer Me It.app */,
			);
			name = Products;
			sourceTree = "<group>";
		};
		481893C21E4E73EF007227EA /* Transfer Me It */ = {
			isa = PBXGroup;
			children = (
				D6FE1D972036032000C74518 /* Classes */,
				48743678201D45ED0030B1EF /* Custom Classes */,
				D6A84E27203A466B00EA0F47 /* Fonts */,
				481893C61E4E73EF007227EA /* Supporting Files */,
				481893E41E4E7540007227EA /* images */,
				481893C31E4E73EF007227EA /* AppDelegate.h */,
				481893C41E4E73EF007227EA /* AppDelegate.m */,
				D62444192043015100D23F11 /* Assets.xcassets */,
				48C38BB9210DFDB9001A306C /* Credits.html */,
				481893CE1E4E73EF007227EA /* Info.plist */,
			);
			path = "Transfer Me It";
			sourceTree = "<group>";
		};
		481893C61E4E73EF007227EA /* Supporting Files */ = {
			isa = PBXGroup;
			children = (
				481893C71E4E73EF007227EA /* main.m */,
			);
			path = "Supporting Files";
			sourceTree = "<group>";
		};
		481893E41E4E7540007227EA /* images */ = {
			isa = PBXGroup;
			children = (
				481893FB1E4E786D007227EA /* alert.png */,
				481893FC1E4E786D007227EA /* download.png */,
				485574701E89675400CB7DFA /* drag.png */,
				D6B6242A20692573002252EC /* exit.png */,
				48AF4B60202DF37B004DE865 /* file.png */,
				481893FD1E4E786D007227EA /* icon.png */,
				48BBDE09218F5B4C00014B84 /* icon_inv.png */,
				481894011E4E786D007227EA /* send.png */,
				481894031E4E786D007227EA /* up.png */,
				481894041E4E786D007227EA /* upload.png */,
			);
			path = images;
			sourceTree = "<group>";
		};
		48743678201D45ED0030B1EF /* Custom Classes */ = {
			isa = PBXGroup;
			children = (
				48110576201F5121004D2040 /* GUI */,
				D6181F5D20212296001FEE99 /* Server */,
				D6F63859201E0AB900EA9866 /* CustomFunctions.h */,
				D6F6385A201E0AB900EA9866 /* CustomFunctions.m */,
				D6BD9FA62021E6AE0099E7DE /* CustomVars.h */,
				D6BD9FA52021E6AE0099E7DE /* CustomVars.m */,
				4811057D201F54CD004D2040 /* DesktopNotification.h */,
				4811057E201F54CD004D2040 /* DesktopNotification.m */,
				48729CD420294E1700206428 /* FileCrypter.h */,
				48729CD520294E1700206428 /* FileCrypter.m */,
				48743680201D55E40030B1EF /* Keys.h */,
				4874367F201D55E40030B1EF /* Keys.m */,
				48743679201D51B70030B1EF /* RSAClass.h */,
				4874367A201D51B70030B1EF /* RSAClass.m */,
				D6F63856201E0A9500EA9866 /* Socket.h */,
				D6F63857201E0A9600EA9866 /* Socket.m */,
				D62FFFCD2033306600954FA4 /* User.h */,
				D62FFFCE2033306600954FA4 /* User.m */,
			);
			path = "Custom Classes";
			sourceTree = "<group>";
		};
		A2B12DD9E3E9B8B566AEB725 /* Frameworks */ = {
			isa = PBXGroup;
			children = (
				D63DC42E1F73E84B0046278C /* libPods-Transfer Me It.a */,
				D63DC42C1F73E8140046278C /* libPods-Transfer Me It.a */,
				D6EBB9B01F7188F7002A2A1E /* libCocoaLumberjack.a */,
				D6EBB9B11F7188F7002A2A1E /* libGZIP.a */,
				D6EBB9B21F7188F7002A2A1E /* libMIHCrypto.a */,
				D6EBB9B31F7188F7002A2A1E /* libRNCryptor-objc.a */,
				D6EBB9B41F7188F7002A2A1E /* libSAMKeychain.a */,
				D6EBB9B51F7188F7002A2A1E /* libSocketRocket.a */,
				D6EBB9B61F7188F7002A2A1E /* libSTHTTPRequest.a */,
				D6EBB9A21F7188E0002A2A1E /* libCocoaLumberjack.a */,
				D6EBB9A31F7188E0002A2A1E /* libGZIP.a */,
				D6EBB9A41F7188E0002A2A1E /* libMIHCrypto.a */,
				D6EBB9A51F7188E0002A2A1E /* libRNCryptor-objc.a */,
				D6EBB9A61F7188E0002A2A1E /* libSAMKeychain.a */,
				D6EBB9A71F7188E0002A2A1E /* libSocketRocket.a */,
				D6EBB9A81F7188E0002A2A1E /* libSTHTTPRequest.a */,
				D6EBB9A01F7188D6002A2A1E /* libcorecrypto.tbd */,
				E0A9C7219966F7CB2C3C026D /* libPods-Transfer Me It.a */,
			);
			name = Frameworks;
			sourceTree = "<group>";
		};
		D4FA7F17F0AD11C86F41A4C8 /* Pods */ = {
			isa = PBXGroup;
			children = (
				5155CE64DBB11A9BFBCD445D /* Pods-Transfer Me It.debug.xcconfig */,
				94ECA04043BBF2E7605FDAC8 /* Pods-Transfer Me It.release.xcconfig */,
			);
			name = Pods;
			sourceTree = "<group>";
		};
		D6181F5D20212296001FEE99 /* Server */ = {
			isa = PBXGroup;
			children = (
				D69CEEA82022818000CD3719 /* Download.h */,
				D69CEEA92022818000CD3719 /* Download.m */,
				D6BD9FA82021FD090099E7DE /* Upload.h */,
				D6BD9FA92021FD090099E7DE /* Upload.m */,
			);
			path = Server;
			sourceTree = "<group>";
		};
		D6A84E27203A466B00EA0F47 /* Fonts */ = {
			isa = PBXGroup;
			children = (
				48BBDE07218F560D00014B84 /* Montserrat-Bold.ttf */,
				D6A84E2F203A480B00EA0F47 /* Montserrat-Medium.ttf */,
				D6A84E2D203A47C900EA0F47 /* Montserrat-Regular.ttf */,
				487F8CE320686791004CD8CF /* Montserrat-SemiBold.ttf */,
			);
			path = Fonts;
			sourceTree = "<group>";
		};
		D6FE1D972036032000C74518 /* Classes */ = {
			isa = PBXGroup;
			children = (
				D6FE1D982036039700C74518 /* LOOCryptString.h */,
				D6FE1D992036039700C74518 /* LOOCryptString.m */,
			);
			path = Classes;
			sourceTree = "<group>";
		};
/* End PBXGroup section */

/* Begin PBXNativeTarget section */
		481893BF1E4E73EF007227EA /* Transfer Me It */ = {
			isa = PBXNativeTarget;
			buildConfigurationList = 481893D11E4E73EF007227EA /* Build configuration list for PBXNativeTarget "Transfer Me It" */;
			buildPhases = (
				6277DC051C71ABFF048C921A /* [CP] Check Pods Manifest.lock */,
				EF947759BB857CFB6CBBF866 /* [CP] Copy Pods Resources */,
				48115EFF2035142A00B11B54 /* Write Secret Server Code */,
				481893BC1E4E73EF007227EA /* Sources */,
				48115F0020351AD300B11B54 /* Remove Secret Server Code */,
				481893BD1E4E73EF007227EA /* Frameworks */,
				481893BE1E4E73EF007227EA /* Resources */,
				9F56400429BBE1B99F6F5690 /* [CP] Embed Pods Frameworks */,
			);
			buildRules = (
			);
			dependencies = (
			);
			name = "Transfer Me It";
			productName = "Transfer Me It";
			productReference = 481893C01E4E73EF007227EA /* Transfer Me It.app */;
			productType = "com.apple.product-type.application";
		};
/* End PBXNativeTarget section */

/* Begin PBXProject section */
		481893B81E4E73EF007227EA /* Project object */ = {
			isa = PBXProject;
			attributes = {
				LastUpgradeCheck = 0820;
				ORGANIZATIONNAME = "Maximilian Mitchell";
				TargetAttributes = {
					481893BF1E4E73EF007227EA = {
						CreatedOnToolsVersion = 8.2.1;
						DevelopmentTeam = 3H49MXS325;
						ProvisioningStyle = Automatic;
						SystemCapabilities = {
							com.apple.Sandbox = {
								enabled = 0;
							};
						};
					};
				};
			};
			buildConfigurationList = 481893BB1E4E73EF007227EA /* Build configuration list for PBXProject "Transfer Me It" */;
			compatibilityVersion = "Xcode 3.2";
			developmentRegion = English;
			hasScannedForEncodings = 0;
			knownRegions = (
				English,
				en,
				Base,
			);
			mainGroup = 481893B71E4E73EF007227EA;
			productRefGroup = 481893C11E4E73EF007227EA /* Products */;
			projectDirPath = "";
			projectRoot = "";
			targets = (
				481893BF1E4E73EF007227EA /* Transfer Me It */,
			);
		};
/* End PBXProject section */

/* Begin PBXResourcesBuildPhase section */
		481893BE1E4E73EF007227EA /* Resources */ = {
			isa = PBXResourcesBuildPhase;
			buildActionMask = 2147483647;
			files = (
				D6A84E30203A481F00EA0F47 /* Montserrat-Medium.ttf in Resources */,
				487F8CE420686792004CD8CF /* Montserrat-SemiBold.ttf in Resources */,
				D6A84E2E203A47D300EA0F47 /* Montserrat-Regular.ttf in Resources */,
				D624441A2043015100D23F11 /* Assets.xcassets in Resources */,
				48BBDE0A218F5B4D00014B84 /* icon_inv.png in Resources */,
				4818940B1E4E786D007227EA /* send.png in Resources */,
				48BBDE08218F560D00014B84 /* Montserrat-Bold.ttf in Resources */,
				485574711E89675400CB7DFA /* drag.png in Resources */,
				481894071E4E786D007227EA /* icon.png in Resources */,
				4818940E1E4E786D007227EA /* upload.png in Resources */,
				4818940D1E4E786D007227EA /* up.png in Resources */,
				D6B6242B20692573002252EC /* exit.png in Resources */,
				481894051E4E786D007227EA /* alert.png in Resources */,
				48C38BBA210DFDBA001A306C /* Credits.html in Resources */,
				481894061E4E786D007227EA /* download.png in Resources */,
				48AF4B61202DF37B004DE865 /* file.png in Resources */,
			);
			runOnlyForDeploymentPostprocessing = 0;
		};
/* End PBXResourcesBuildPhase section */

/* Begin PBXShellScriptBuildPhase section */
		48115EFF2035142A00B11B54 /* Write Secret Server Code */ = {
			isa = PBXShellScriptBuildPhase;
			buildActionMask = 2147483647;
			files = (
			);
			inputPaths = (
			);
			name = "Write Secret Server Code";
			outputPaths = (
			);
			runOnlyForDeploymentPostprocessing = 0;
			shellPath = /bin/bash;
			shellScript = "CODE=$(cat \"$SRCROOT/../transferme.it/secret_server_code.pass\")\nfind \"$SRCROOT/Transfer Me It/Classes/LOOCryptString.m\" -type f -exec sed -i '' -e \"s/secret_server_code/${CODE}/g\" {} +\n";
			showEnvVarsInLog = 0;
		};
		48115F0020351AD300B11B54 /* Remove Secret Server Code */ = {
			isa = PBXShellScriptBuildPhase;
			buildActionMask = 2147483647;
			files = (
			);
			inputPaths = (
			);
			name = "Remove Secret Server Code";
			outputPaths = (
			);
			runOnlyForDeploymentPostprocessing = 0;
			shellPath = /bin/bash;
			shellScript = "CODE=$(cat \"$SRCROOT/../transferme.it/secret_server_code.pass\")\nfind \"$SRCROOT/Transfer Me It/Classes/LOOCryptString.m\" -type f -exec sed -i '' -e \"s/${CODE}/secret_server_code/g\" {} +\n";
			showEnvVarsInLog = 0;
		};
		6277DC051C71ABFF048C921A /* [CP] Check Pods Manifest.lock */ = {
			isa = PBXShellScriptBuildPhase;
			buildActionMask = 2147483647;
			files = (
			);
			inputPaths = (
				"${PODS_PODFILE_DIR_PATH}/Podfile.lock",
				"${PODS_ROOT}/Manifest.lock",
			);
			name = "[CP] Check Pods Manifest.lock";
			outputPaths = (
				"$(DERIVED_FILE_DIR)/Pods-Transfer Me It-checkManifestLockResult.txt",
			);
			runOnlyForDeploymentPostprocessing = 0;
			shellPath = /bin/sh;
			shellScript = "diff \"${PODS_PODFILE_DIR_PATH}/Podfile.lock\" \"${PODS_ROOT}/Manifest.lock\" > /dev/null\nif [ $? != 0 ] ; then\n    # print error to STDERR\n    echo \"error: The sandbox is not in sync with the Podfile.lock. Run 'pod install' or update your CocoaPods installation.\" >&2\n    exit 1\nfi\n# This output is used by Xcode 'outputs' to avoid re-running this script phase.\necho \"SUCCESS\" > \"${SCRIPT_OUTPUT_FILE_0}\"\n";
			showEnvVarsInLog = 0;
		};
		9F56400429BBE1B99F6F5690 /* [CP] Embed Pods Frameworks */ = {
			isa = PBXShellScriptBuildPhase;
			buildActionMask = 2147483647;
			files = (
			);
			inputPaths = (
				"${PODS_ROOT}/Target Support Files/Pods-Transfer Me It/Pods-Transfer Me It-frameworks.sh",
				"${PODS_ROOT}/Sparkle/Sparkle.framework",
				"${PODS_ROOT}/Sparkle/Sparkle.framework.dSYM",
			);
			name = "[CP] Embed Pods Frameworks";
			outputPaths = (
				"${TARGET_BUILD_DIR}/${FRAMEWORKS_FOLDER_PATH}/Sparkle.framework",
				"${DWARF_DSYM_FOLDER_PATH}/Sparkle.framework.dSYM",
			);
			runOnlyForDeploymentPostprocessing = 0;
			shellPath = /bin/sh;
			shellScript = "\"${PODS_ROOT}/Target Support Files/Pods-Transfer Me It/Pods-Transfer Me It-frameworks.sh\"\n";
			showEnvVarsInLog = 0;
		};
		EF947759BB857CFB6CBBF866 /* [CP] Copy Pods Resources */ = {
			isa = PBXShellScriptBuildPhase;
			buildActionMask = 2147483647;
			files = (
			);
			inputPaths = (
				"${PODS_ROOT}/Target Support Files/Pods-Transfer Me It/Pods-Transfer Me It-resources.sh",
				"${PODS_ROOT}/SAMKeychain/Support/SAMKeychain.bundle",
			);
			name = "[CP] Copy Pods Resources";
			outputPaths = (
				"${TARGET_BUILD_DIR}/${UNLOCALIZED_RESOURCES_FOLDER_PATH}/SAMKeychain.bundle",
			);
			runOnlyForDeploymentPostprocessing = 0;
			shellPath = /bin/sh;
			shellScript = "\"${PODS_ROOT}/Target Support Files/Pods-Transfer Me It/Pods-Transfer Me It-resources.sh\"\n";
			showEnvVarsInLog = 0;
		};
/* End PBXShellScriptBuildPhase section */

/* Begin PBXSourcesBuildPhase section */
		481893BC1E4E73EF007227EA /* Sources */ = {
			isa = PBXSourcesBuildPhase;
			buildActionMask = 2147483647;
			files = (
				D62FFFCF2033306600954FA4 /* User.m in Sources */,
				48110575201F4EE9004D2040 /* SubmitButton.m in Sources */,
				D6F6385B201E0AB900EA9866 /* CustomFunctions.m in Sources */,
				D6F63858201E0A9600EA9866 /* Socket.m in Sources */,
				D69CEEAA2022818000CD3719 /* Download.m in Sources */,
				48110572201F4BBB004D2040 /* MenuBar.m in Sources */,
				48729CD620294E1700206428 /* FileCrypter.m in Sources */,
				D6FE1D9A2036039700C74518 /* LOOCryptString.m in Sources */,
				4874367B201D51B70030B1EF /* RSAClass.m in Sources */,
				4811057F201F54CD004D2040 /* DesktopNotification.m in Sources */,
				48AF4B64202DF8DF004DE865 /* Button.m in Sources */,
				48743681201D55E40030B1EF /* Keys.m in Sources */,
				481893C81E4E73EF007227EA /* main.m in Sources */,
				D6BD9FAA2021FD090099E7DE /* Upload.m in Sources */,
				4811057C201F51B1004D2040 /* PopUpWindow.m in Sources */,
				481893C51E4E73EF007227EA /* AppDelegate.m in Sources */,
				D6BD9FA72021E6AE0099E7DE /* CustomVars.m in Sources */,
			);
			runOnlyForDeploymentPostprocessing = 0;
		};
/* End PBXSourcesBuildPhase section */

/* Begin XCBuildConfiguration section */
		481893CF1E4E73EF007227EA /* Debug */ = {
			isa = XCBuildConfiguration;
			buildSettings = {
				ALWAYS_SEARCH_USER_PATHS = NO;
				CLANG_ANALYZER_NONNULL = YES;
				CLANG_CXX_LANGUAGE_STANDARD = "gnu++0x";
				CLANG_CXX_LIBRARY = "libc++";
				CLANG_ENABLE_MODULES = YES;
				CLANG_ENABLE_OBJC_ARC = YES;
				CLANG_WARN_BOOL_CONVERSION = YES;
				CLANG_WARN_CONSTANT_CONVERSION = YES;
				CLANG_WARN_DIRECT_OBJC_ISA_USAGE = YES_ERROR;
				CLANG_WARN_DOCUMENTATION_COMMENTS = YES;
				CLANG_WARN_EMPTY_BODY = YES;
				CLANG_WARN_ENUM_CONVERSION = YES;
				CLANG_WARN_INFINITE_RECURSION = YES;
				CLANG_WARN_INT_CONVERSION = YES;
				CLANG_WARN_OBJC_ROOT_CLASS = YES_ERROR;
				CLANG_WARN_SUSPICIOUS_MOVE = YES;
				CLANG_WARN_UNREACHABLE_CODE = YES;
				CLANG_WARN__DUPLICATE_METHOD_MATCH = YES;
				CODE_SIGN_IDENTITY = "-";
				COPY_PHASE_STRIP = NO;
				DEBUG_INFORMATION_FORMAT = dwarf;
				ENABLE_STRICT_OBJC_MSGSEND = YES;
				ENABLE_TESTABILITY = YES;
				GCC_C_LANGUAGE_STANDARD = gnu99;
				GCC_DYNAMIC_NO_PIC = NO;
				GCC_NO_COMMON_BLOCKS = YES;
				GCC_OPTIMIZATION_LEVEL = 0;
				GCC_PREPROCESSOR_DEFINITIONS = (
					"DEBUG=1",
					"$(inherited)",
				);
				GCC_WARN_64_TO_32_BIT_CONVERSION = YES;
				GCC_WARN_ABOUT_RETURN_TYPE = YES_ERROR;
				GCC_WARN_UNDECLARED_SELECTOR = YES;
				GCC_WARN_UNINITIALIZED_AUTOS = YES_AGGRESSIVE;
				GCC_WARN_UNUSED_FUNCTION = YES;
				GCC_WARN_UNUSED_VARIABLE = YES;
				MACOSX_DEPLOYMENT_TARGET = 10.12;
				MTL_ENABLE_DEBUG_INFO = YES;
				ONLY_ACTIVE_ARCH = YES;
				SDKROOT = macosx;
			};
			name = Debug;
		};
		481893D01E4E73EF007227EA /* Release */ = {
			isa = XCBuildConfiguration;
			buildSettings = {
				ALWAYS_SEARCH_USER_PATHS = NO;
				CLANG_ANALYZER_NONNULL = YES;
				CLANG_CXX_LANGUAGE_STANDARD = "gnu++0x";
				CLANG_CXX_LIBRARY = "libc++";
				CLANG_ENABLE_MODULES = YES;
				CLANG_ENABLE_OBJC_ARC = YES;
				CLANG_WARN_BOOL_CONVERSION = YES;
				CLANG_WARN_CONSTANT_CONVERSION = YES;
				CLANG_WARN_DIRECT_OBJC_ISA_USAGE = YES_ERROR;
				CLANG_WARN_DOCUMENTATION_COMMENTS = YES;
				CLANG_WARN_EMPTY_BODY = YES;
				CLANG_WARN_ENUM_CONVERSION = YES;
				CLANG_WARN_INFINITE_RECURSION = YES;
				CLANG_WARN_INT_CONVERSION = YES;
				CLANG_WARN_OBJC_ROOT_CLASS = YES_ERROR;
				CLANG_WARN_SUSPICIOUS_MOVE = YES;
				CLANG_WARN_UNREACHABLE_CODE = YES;
				CLANG_WARN__DUPLICATE_METHOD_MATCH = YES;
				CODE_SIGN_IDENTITY = "-";
				COPY_PHASE_STRIP = NO;
				DEBUG_INFORMATION_FORMAT = "dwarf-with-dsym";
				ENABLE_NS_ASSERTIONS = NO;
				ENABLE_STRICT_OBJC_MSGSEND = YES;
				GCC_C_LANGUAGE_STANDARD = gnu99;
				GCC_NO_COMMON_BLOCKS = YES;
				GCC_WARN_64_TO_32_BIT_CONVERSION = YES;
				GCC_WARN_ABOUT_RETURN_TYPE = YES_ERROR;
				GCC_WARN_UNDECLARED_SELECTOR = YES;
				GCC_WARN_UNINITIALIZED_AUTOS = YES_AGGRESSIVE;
				GCC_WARN_UNUSED_FUNCTION = YES;
				GCC_WARN_UNUSED_VARIABLE = YES;
				MACOSX_DEPLOYMENT_TARGET = 10.12;
				MTL_ENABLE_DEBUG_INFO = NO;
				SDKROOT = macosx;
			};
			name = Release;
		};
		481893D21E4E73EF007227EA /* Debug */ = {
			isa = XCBuildConfiguration;
			baseConfigurationReference = 5155CE64DBB11A9BFBCD445D /* Pods-Transfer Me It.debug.xcconfig */;
			buildSettings = {
				ALWAYS_SEARCH_USER_PATHS = NO;
				ASSETCATALOG_COMPILER_APPICON_NAME = AppIcon;
				CODE_SIGN_IDENTITY = "Mac Developer";
				CODE_SIGN_STYLE = Automatic;
				COMBINE_HIDPI_IMAGES = YES;
				CURRENT_PROJECT_VERSION = 0.04;
				DEVELOPMENT_TEAM = 3H49MXS325;
				ENABLE_HARDENED_RUNTIME = YES;
				GCC_WARN_UNUSED_VALUE = NO;
				GCC_WARN_UNUSED_VARIABLE = NO;
				INFOPLIST_FILE = "Transfer Me It/Info.plist";
				LD_RUNPATH_SEARCH_PATHS = "$(inherited) @executable_path/../Frameworks";
				LIBRARY_SEARCH_PATHS = (
					"$(inherited)",
					"$(SDKROOT)/usr/lib/system",
					"$(PROJECT_DIR)/build/Debug/CocoaLumberjack",
					"$(PROJECT_DIR)/build/Debug/MIHCrypto",
					"$(PROJECT_DIR)/build/Release/CocoaLumberjack",
					"$(PROJECT_DIR)/build/Release/GZIP",
					"$(PROJECT_DIR)/build/Release/RNCryptor-objc",
					"$(PROJECT_DIR)/build/Release/SAMKeychain",
					"$(PROJECT_DIR)/build/Release/SocketRocket",
					"$(PROJECT_DIR)/build/Release/STHTTPRequest",
					"$(PROJECT_DIR)/build/Release/SocketRocket",
					"$(PROJECT_DIR)/build/Release/OpenSSL-Universal",
				);
				MACOSX_DEPLOYMENT_TARGET = 10.12;
				MARKETING_VERSION = 0.04;
				PRODUCT_BUNDLE_IDENTIFIER = transferme.it;
				PRODUCT_NAME = "$(TARGET_NAME)";
				PROVISIONING_PROFILE_SPECIFIER = "";
			};
			name = Debug;
		};
		481893D31E4E73EF007227EA /* Release */ = {
			isa = XCBuildConfiguration;
			baseConfigurationReference = 94ECA04043BBF2E7605FDAC8 /* Pods-Transfer Me It.release.xcconfig */;
			buildSettings = {
				ALWAYS_SEARCH_USER_PATHS = NO;
				ASSETCATALOG_COMPILER_APPICON_NAME = AppIcon;
				CODE_SIGN_IDENTITY = "Mac Developer";
				CODE_SIGN_STYLE = Automatic;
				COMBINE_HIDPI_IMAGES = YES;
				CURRENT_PROJECT_VERSION = 0.04;
				DEVELOPMENT_TEAM = 3H49MXS325;
				ENABLE_HARDENED_RUNTIME = YES;
				GCC_WARN_UNUSED_VALUE = NO;
				GCC_WARN_UNUSED_VARIABLE = NO;
				INFOPLIST_FILE = "Transfer Me It/Info.plist";
				LD_RUNPATH_SEARCH_PATHS = "$(inherited) @executable_path/../Frameworks";
				LIBRARY_SEARCH_PATHS = (
					"$(inherited)",
					"$(SDKROOT)/usr/lib/system",
					"$(PROJECT_DIR)/build/Debug/CocoaLumberjack",
					"$(PROJECT_DIR)/build/Debug/MIHCrypto",
					"$(PROJECT_DIR)/build/Release/CocoaLumberjack",
					"$(PROJECT_DIR)/build/Release/GZIP",
					"$(PROJECT_DIR)/build/Release/RNCryptor-objc",
					"$(PROJECT_DIR)/build/Release/SAMKeychain",
					"$(PROJECT_DIR)/build/Release/SocketRocket",
					"$(PROJECT_DIR)/build/Release/STHTTPRequest",
					"$(PROJECT_DIR)/build/Release/OpenSSL-Universal",
				);
				MACOSX_DEPLOYMENT_TARGET = 10.12;
				MARKETING_VERSION = 0.04;
				PRODUCT_BUNDLE_IDENTIFIER = transferme.it;
				PRODUCT_NAME = "$(TARGET_NAME)";
				PROVISIONING_PROFILE_SPECIFIER = "";
			};
			name = Release;
		};
/* End XCBuildConfiguration section */

/* Begin XCConfigurationList section */
		481893BB1E4E73EF007227EA /* Build configuration list for PBXProject "Transfer Me It" */ = {
			isa = XCConfigurationList;
			buildConfigurations = (
				481893CF1E4E73EF007227EA /* Debug */,
				481893D01E4E73EF007227EA /* Release */,
			);
			defaultConfigurationIsVisible = 0;
			defaultConfigurationName = Release;
		};
		481893D11E4E73EF007227EA /* Build configuration list for PBXNativeTarget "Transfer Me It" */ = {
			isa = XCConfigurationList;
			buildConfigurations = (
				481893D21E4E73EF007227EA /* Debug */,
				481893D31E4E73EF007227EA /* Release */,
			);
			defaultConfigurationIsVisible = 0;
			defaultConfigurationName = Release;
		};
/* End XCConfigurationList section */
	};
	rootObject = 481893B81E4E73EF007227EA /* Project object */;
}
